
Microsoft Visual Studio Solution File, Format Version 12.00
# Visual Studio 15
VisualStudioVersion = 15.0.27703.2042
MinimumVisualStudioVersion = 10.0.40219.1
Project("{FAE04EC0-301F-11D3-BF4B-00C04F79EFBC}") = "ShoppingCart", "ShoppingCart\ShoppingCart.csproj", "{A8EAA56B-314F-4B3D-B9BF-74FF4EA69DAD}"
EndProject
Global
	GlobalSection(SolutionConfigurationPlatforms) = preSolution
		Debug|Any CPU = Debug|Any CPU
		Release|Any CPU = Release|Any CPU
	EndGlobalSection
	GlobalSection(ProjectConfigurationPlatforms) = postSolution
		{A8EAA56B-314F-4B3D-B9BF-74FF4EA69DAD}.Debug|Any CPU.ActiveCfg = Debug|Any CPU
		{A8EAA56B-314F-4B3D-B9BF-74FF4EA69DAD}.Debug|Any CPU.Build.0 = Debug|Any CPU
		{A8EAA56B-314F-4B3D-B9BF-74FF4EA69DAD}.Release|Any CPU.ActiveCfg = Release|Any CPU
		{A8EAA56B-314F-4B3D-B9BF-74FF4EA69DAD}.Release|Any CPU.Build.0 = Release|Any CPU
	EndGlobalSection
	GlobalSection(SolutionProperties) = preSolution
		HideSolutionNode = FALSE
	EndGlobalSection
	GlobalSection(ExtensibilityGlobals) = postSolution
		SolutionGuid = {D9F5C6B4-4783-4BE7-8ED0-AD565B894655}
	EndGlobalSection
EndGlobal
